{
  "name": "Nhom02-CNTT_VAA",
  "lockfileVersion": 3,
  "requires": true,
  "packages": {
    "": {
      "dependencies": {
        "nodemailer": "^6.10.0",
        "uniqid": "^5.4.0"
      }
    },
    "node_modules/nodemailer": {
      "version": "6.10.0",
      "resolved": "https://registry.npmjs.org/nodemailer/-/nodemailer-6.10.0.tgz",
      "integrity": "sha512-SQ3wZCExjeSatLE/HBaXS5vqUOQk6GtBdIIKxiFdmm01mOQZX/POJkO3SUX1wDiYcwUOJwT23scFSC9fY2H8IA==",
      "license": "MIT-0",
      "engines": {
        "node": ">=6.0.0"
      }
    },
    "node_modules/uniqid": {
      "version": "5.4.0",
      "resolved": "https://registry.npmjs.org/uniqid/-/uniqid-5.4.0.tgz",
      "integrity": "sha512-38JRbJ4Fj94VmnC7G/J/5n5SC7Ab46OM5iNtSstB/ko3l1b5g7ALt4qzHFgGciFkyiRNtDXtLNb+VsxtMSE77A==",
      "license": "MIT"
    }
  }
}
